// !$*UTF8*$!
{
	archiveVersion = 1;
	classes = {
	};
	objectVersion = 46;
	objects = {

/* Begin PBXBuildFile section */
		EE2A02591B8C123500166762 /* main.m in Sources */ = {isa = PBXBuildFile; fileRef = EE2A02581B8C123500166762 /* main.m */; };
		EE2A025C1B8C123500166762 /* AppDelegate.m in Sources */ = {isa = PBXBuildFile; fileRef = EE2A025B1B8C123500166762 /* AppDelegate.m */; };
		EE2A025F1B8C123500166762 /* ViewController.m in Sources */ = {isa = PBXBuildFile; fileRef = EE2A025E1B8C123500166762 /* ViewController.m */; };
		EE2A02621B8C123500166762 /* Main.storyboard in Resources */ = {isa = PBXBuildFile; fileRef = EE2A02601B8C123500166762 /* Main.storyboard */; };
		EE2A02641B8C123500166762 /* Images.xcassets in Resources */ = {isa = PBXBuildFile; fileRef = EE2A02631B8C123500166762 /* Images.xcassets */; };
		EE2A02671B8C123500166762 /* LaunchScreen.xib in Resources */ = {isa = PBXBuildFile; fileRef = EE2A02651B8C123500166762 /* LaunchScreen.xib */; };
		EE2A02731B8C123500166762 /* testSqlTests.m in Sources */ = {isa = PBXBuildFile; fileRef = EE2A02721B8C123500166762 /* testSqlTests.m */; };
		EE2A02901B8C12B500166762 /* PlayGameDefaultCard.mm in Sources */ = {isa = PBXBuildFile; fileRef = EE2A028D1B8C12B500166762 /* PlayGameDefaultCard.mm */; };
		EE2A02911B8C12B500166762 /* PlayGameDatabaseAgent.mm in Sources */ = {isa = PBXBuildFile; fileRef = EE2A028F1B8C12B500166762 /* PlayGameDatabaseAgent.mm */; };
		EE2A02941B8C12D600166762 /* ReaderHelper.m in Sources */ = {isa = PBXBuildFile; fileRef = EE2A02931B8C12D600166762 /* ReaderHelper.m */; };
		EE2A02961B8C12E900166762 /* libsqlite3.dylib in Frameworks */ = {isa = PBXBuildFile; fileRef = EE2A02951B8C12E900166762 /* libsqlite3.dylib */; };
		EE2A02981B8C162100166762 /* card.plist in Resources */ = {isa = PBXBuildFile; fileRef = EE2A02971B8C162100166762 /* card.plist */; };
/* End PBXBuildFile section */

/* Begin PBXContainerItemProxy section */
		EE2A026D1B8C123500166762 /* PBXContainerItemProxy */ = {
			isa = PBXContainerItemProxy;
			containerPortal = EE2A024B1B8C123500166762 /* Project object */;
			proxyType = 1;
			remoteGlobalIDString = EE2A02521B8C123500166762;
			remoteInfo = testSql;
		};
/* End PBXContainerItemProxy section */

/* Begin PBXFileReference section */
		EE2A02531B8C123500166762 /* testSql.app */ = {isa = PBXFileReference; explicitFileType = wrapper.application; includeInIndex = 0; path = testSql.app; sourceTree = BUILT_PRODUCTS_DIR; };
		EE2A02571B8C123500166762 /* Info.plist */ = {isa = PBXFileReference; lastKnownFileType = text.plist.xml; path = Info.plist; sourceTree = "<group>"; };
		EE2A02581B8C123500166762 /* main.m */ = {isa = PBXFileReference; lastKnownFileType = sourcecode.c.objc; path = main.m; sourceTree = "<group>"; };
		EE2A025A1B8C123500166762 /* AppDelegate.h */ = {isa = PBXFileReference; lastKnownFileType = sourcecode.c.h; path = AppDelegate.h; sourceTree = "<group>"; };
		EE2A025B1B8C123500166762 /* AppDelegate.m */ = {isa = PBXFileReference; lastKnownFileType = sourcecode.c.objc; path = AppDelegate.m; sourceTree = "<group>"; };
		EE2A025D1B8C123500166762 /* ViewController.h */ = {isa = PBXFileReference; lastKnownFileType = sourcecode.c.h; path = ViewController.h; sourceTree = "<group>"; };
		EE2A025E1B8C123500166762 /* ViewController.m */ = {isa = PBXFileReference; lastKnownFileType = sourcecode.c.objc; path = ViewController.m; sourceTree = "<group>"; };
		EE2A02611B8C123500166762 /* Base */ = {isa = PBXFileReference; lastKnownFileType = file.storyboard; name = Base; path = Base.lproj/Main.storyboard; sourceTree = "<group>"; };
		EE2A02631B8C123500166762 /* Images.xcassets */ = {isa = PBXFileReference; lastKnownFileType = folder.assetcatalog; path = Images.xcassets; sourceTree = "<group>"; };
		EE2A02661B8C123500166762 /* Base */ = {isa = PBXFileReference; lastKnownFileType = file.xib; name = Base; path = Base.lproj/LaunchScreen.xib; sourceTree = "<group>"; };
		EE2A026C1B8C123500166762 /* testSqlTests.xctest */ = {isa = PBXFileReference; explicitFileType = wrapper.cfbundle; includeInIndex = 0; path = testSqlTests.xctest; sourceTree = BUILT_PRODUCTS_DIR; };
		EE2A02711B8C123500166762 /* Info.plist */ = {isa = PBXFileReference; lastKnownFileType = text.plist.xml; path = Info.plist; sourceTree = "<group>"; };
		EE2A02721B8C123500166762 /* testSqlTests.m */ = {isa = PBXFileReference; lastKnownFileType = sourcecode.c.objc; path = testSqlTests.m; sourceTree = "<group>"; };
		EE2A028C1B8C12B500166762 /* PlayGameDefaultCard.h */ = {isa = PBXFileReference; fileEncoding = 4; lastKnownFileType = sourcecode.c.h; path = PlayGameDefaultCard.h; sourceTree = "<group>"; };
		EE2A028D1B8C12B500166762 /* PlayGameDefaultCard.mm */ = {isa = PBXFileReference; fileEncoding = 4; lastKnownFileType = sourcecode.cpp.objcpp; path = PlayGameDefaultCard.mm; sourceTree = "<group>"; };
		EE2A028E1B8C12B500166762 /* PlayGameDatabaseAgent.h */ = {isa = PBXFileReference; fileEncoding = 4; lastKnownFileType = sourcecode.c.h; path = PlayGameDatabaseAgent.h; sourceTree = "<group>"; };
		EE2A028F1B8C12B500166762 /* PlayGameDatabaseAgent.mm */ = {isa = PBXFileReference; fileEncoding = 4; lastKnownFileType = sourcecode.cpp.objcpp; path = PlayGameDatabaseAgent.mm; sourceTree = "<group>"; };
		EE2A02921B8C12D600166762 /* ReaderHelper.h */ = {isa = PBXFileReference; fileEncoding = 4; lastKnownFileType = sourcecode.c.h; path = ReaderHelper.h; sourceTree = "<group>"; };
		EE2A02931B8C12D600166762 /* ReaderHelper.m */ = {isa = PBXFileReference; fileEncoding = 4; lastKnownFileType = sourcecode.c.objc; path = ReaderHelper.m; sourceTree = "<group>"; };
		EE2A02951B8C12E900166762 /* libsqlite3.dylib */ = {isa = PBXFileReference; lastKnownFileType = "compiled.mach-o.dylib"; name = libsqlite3.dylib; path = usr/lib/libsqlite3.dylib; sourceTree = SDKROOT; };
		EE2A02971B8C162100166762 /* card.plist */ = {isa = PBXFileReference; fileEncoding = 4; lastKnownFileType = text.plist.xml; path = card.plist; sourceTree = "<group>"; };
/* End PBXFileReference section */

/* Begin PBXFrameworksBuildPhase section */
		EE2A02501B8C123500166762 /* Frameworks */ = {
			isa = PBXFrameworksBuildPhase;
			buildActionMask = 2147483647;
			files = (
				EE2A02961B8C12E900166762 /* libsqlite3.dylib in Frameworks */,
			);
			runOnlyForDeploymentPostprocessing = 0;
		};
		EE2A02691B8C123500166762 /* Frameworks */ = {
			isa = PBXFrameworksBuildPhase;
			buildActionMask = 2147483647;
			files = (
			);
			runOnlyForDeploymentPostprocessing = 0;
		};
/* End PBXFrameworksBuildPhase section */

/* Begin PBXGroup section */
		EE2A024A1B8C123500166762 = {
			isa = PBXGroup;
			children = (
				EE2A02951B8C12E900166762 /* libsqlite3.dylib */,
				EE2A02551B8C123500166762 /* testSql */,
				EE2A026F1B8C123500166762 /* testSqlTests */,
				EE2A02541B8C123500166762 /* Products */,
			);
			sourceTree = "<group>";
		};
		EE2A02541B8C123500166762 /* Products */ = {
			isa = PBXGroup;
			children = (
				EE2A02531B8C123500166762 /* testSql.app */,
				EE2A026C1B8C123500166762 /* testSqlTests.xctest */,
			);
			name = Products;
			sourceTree = "<group>";
		};
		EE2A02551B8C123500166762 /* testSql */ = {
			isa = PBXGroup;
			children = (
				EE2A025A1B8C123500166762 /* AppDelegate.h */,
				EE2A025B1B8C123500166762 /* AppDelegate.m */,
				EE2A025D1B8C123500166762 /* ViewController.h */,
				EE2A028C1B8C12B500166762 /* PlayGameDefaultCard.h */,
				EE2A02921B8C12D600166762 /* ReaderHelper.h */,
				EE2A02971B8C162100166762 /* card.plist */,
				EE2A02931B8C12D600166762 /* ReaderHelper.m */,
				EE2A028D1B8C12B500166762 /* PlayGameDefaultCard.mm */,
				EE2A028E1B8C12B500166762 /* PlayGameDatabaseAgent.h */,
				EE2A028F1B8C12B500166762 /* PlayGameDatabaseAgent.mm */,
				EE2A025E1B8C123500166762 /* ViewController.m */,
				EE2A02601B8C123500166762 /* Main.storyboard */,
				EE2A02631B8C123500166762 /* Images.xcassets */,
				EE2A02651B8C123500166762 /* LaunchScreen.xib */,
				EE2A02561B8C123500166762 /* Supporting Files */,
			);
			path = testSql;
			sourceTree = "<group>";
		};
		EE2A02561B8C123500166762 /* Supporting Files */ = {
			isa = PBXGroup;
			children = (
				EE2A02571B8C123500166762 /* Info.plist */,
				EE2A02581B8C123500166762 /* main.m */,
			);
			name = "Supporting Files";
			sourceTree = "<group>";
		};
		EE2A026F1B8C123500166762 /* testSqlTests */ = {
			isa = PBXGroup;
			children = (
				EE2A02721B8C123500166762 /* testSqlTests.m */,
				EE2A02701B8C123500166762 /* Supporting Files */,
			);
			path = testSqlTests;
			sourceTree = "<group>";
		};
		EE2A02701B8C123500166762 /* Supporting Files */ = {
			isa = PBXGroup;
			children = (
				EE2A02711B8C123500166762 /* Info.plist */,
			);
			name = "Supporting Files";
			sourceTree = "<group>";
		};
/* End PBXGroup section */

/* Begin PBXNativeTarget section */
		EE2A02521B8C123500166762 /* testSql */ = {
			isa = PBXNativeTarget;
			buildConfigurationList = EE2A02761B8C123500166762 /* Build configuration list for PBXNativeTarget "testSql" */;
			buildPhases = (
				EE2A024F1B8C123500166762 /* Sources */,
				EE2A02501B8C123500166762 /* Frameworks */,
				EE2A02511B8C123500166762 /* Resources */,
			);
			buildRules = (
			);
			dependencies = (
			);
			name = testSql;
			productName = testSql;
			productReference = EE2A02531B8C123500166762 /* testSql.app */;
			productType = "com.apple.product-type.application";
		};
		EE2A026B1B8C123500166762 /* testSqlTests */ = {
			isa = PBXNativeTarget;
			buildConfigurationList = EE2A02791B8C123500166762 /* Build configuration list for PBXNativeTarget "testSqlTests" */;
			buildPhases = (
				EE2A02681B8C123500166762 /* Sources */,
				EE2A02691B8C123500166762 /* Frameworks */,
				EE2A026A1B8C123500166762 /* Resources */,
			);
			buildRules = (
			);
			dependencies = (
				EE2A026E1B8C123500166762 /* PBXTargetDependency */,
			);
			name = testSqlTests;
			productName = testSqlTests;
			productReference = EE2A026C1B8C123500166762 /* testSqlTests.xctest */;
			productType = "com.apple.product-type.bundle.unit-test";
		};
/* End PBXNativeTarget section */

/* Begin PBXProject section */
		EE2A024B1B8C123500166762 /* Project object */ = {
			isa = PBXProject;
			attributes = {
				LastUpgradeCheck = 0640;
				ORGANIZATIONNAME = shareit;
				TargetAttributes = {
					EE2A02521B8C123500166762 = {
						CreatedOnToolsVersion = 6.4;
					};
					EE2A026B1B8C123500166762 = {
						CreatedOnToolsVersion = 6.4;
						TestTargetID = EE2A02521B8C123500166762;
					};
				};
			};
			buildConfigurationList = EE2A024E1B8C123500166762 /* Build configuration list for PBXProject "testSql" */;
			compatibilityVersion = "Xcode 3.2";
			developmentRegion = English;
			hasScannedForEncodings = 0;
			knownRegions = (
				en,
				Base,
			);
			mainGroup = EE2A024A1B8C123500166762;
			productRefGroup = EE2A02541B8C123500166762 /* Products */;
			projectDirPath = "";
			projectRoot = "";
			targets = (
				EE2A02521B8C123500166762 /* testSql */,
				EE2A026B1B8C123500166762 /* testSqlTests */,
			);
		};
/* End PBXProject section */

/* Begin PBXResourcesBuildPhase section */
		EE2A02511B8C123500166762 /* Resources */ = {
			isa = PBXResourcesBuildPhase;
			buildActionMask = 2147483647;
			files = (
				EE2A02621B8C123500166762 /* Main.storyboard in Resources */,
				EE2A02671B8C123500166762 /* LaunchScreen.xib in Resources */,
				EE2A02981B8C162100166762 /* card.plist in Resources */,
				EE2A02641B8C123500166762 /* Images.xcassets in Resources */,
			);
			runOnlyForDeploymentPostprocessing = 0;
		};
		EE2A026A1B8C123500166762 /* Resources */ = {
			isa = PBXResourcesBuildPhase;
			buildActionMask = 2147483647;
			files = (
			);
			runOnlyForDeploymentPostprocessing = 0;
		};
/* End PBXResourcesBuildPhase section */

/* Begin PBXSourcesBuildPhase section */
		EE2A024F1B8C123500166762 /* Sources */ = {
			isa = PBXSourcesBuildPhase;
			buildActionMask = 2147483647;
			files = (
				EE2A025F1B8C123500166762 /* ViewController.m in Sources */,
				EE2A02901B8C12B500166762 /* PlayGameDefaultCard.mm in Sources */,
				EE2A025C1B8C123500166762 /* AppDelegate.m in Sources */,
				EE2A02911B8C12B500166762 /* PlayGameDatabaseAgent.mm in Sources */,
				EE2A02941B8C12D600166762 /* ReaderHelper.m in Sources */,
				EE2A02591B8C123500166762 /* main.m in Sources */,
			);
			runOnlyForDeploymentPostprocessing = 0;
		};
		EE2A02681B8C123500166762 /* Sources */ = {
			isa = PBXSourcesBuildPhase;
			buildActionMask = 2147483647;
			files = (
				EE2A02731B8C123500166762 /* testSqlTests.m in Sources */,
			);
			runOnlyForDeploymentPostprocessing = 0;
		};
/* End PBXSourcesBuildPhase section */

/* Begin PBXTargetDependency section */
		EE2A026E1B8C123500166762 /* PBXTargetDependency */ = {
			isa = PBXTargetDependency;
			target = EE2A02521B8C123500166762 /* testSql */;
			targetProxy = EE2A026D1B8C123500166762 /* PBXContainerItemProxy */;
		};
/* End PBXTargetDependency section */

/* Begin PBXVariantGroup section */
		EE2A02601B8C123500166762 /* Main.storyboard */ = {
			isa = PBXVariantGroup;
			children = (
				EE2A02611B8C123500166762 /* Base */,
			);
			name = Main.storyboard;
			sourceTree = "<group>";
		};
		EE2A02651B8C123500166762 /* LaunchScreen.xib */ = {
			isa = PBXVariantGroup;
			children = (
				EE2A02661B8C123500166762 /* Base */,
			);
			name = LaunchScreen.xib;
			sourceTree = "<group>";
		};
/* End PBXVariantGroup section */

/* Begin XCBuildConfiguration section */
		EE2A02741B8C123500166762 /* Debug */ = {
			isa = XCBuildConfiguration;
			buildSettings = {
				ALWAYS_SEARCH_USER_PATHS = NO;
				CLANG_CXX_LANGUAGE_STANDARD = "gnu++0x";
				CLANG_CXX_LIBRARY = "libc++";
				CLANG_ENABLE_MODULES = YES;
				CLANG_ENABLE_OBJC_ARC = YES;
				CLANG_WARN_BOOL_CONVERSION = YES;
				CLANG_WARN_CONSTANT_CONVERSION = YES;
				CLANG_WARN_DIRECT_OBJC_ISA_USAGE = YES_ERROR;
				CLANG_WARN_EMPTY_BODY = YES;
				CLANG_WARN_ENUM_CONVERSION = YES;
				CLANG_WARN_INT_CONVERSION = YES;
				CLANG_WARN_OBJC_ROOT_CLASS = YES_ERROR;
				CLANG_WARN_UNREACHABLE_CODE = YES;
				CLANG_WARN__DUPLICATE_METHOD_MATCH = YES;
				"CODE_SIGN_IDENTITY[sdk=iphoneos*]" = "iPhone Developer";
				COPY_PHASE_STRIP = NO;
				DEBUG_INFORMATION_FORMAT = "dwarf-with-dsym";
				ENABLE_STRICT_OBJC_MSGSEND = YES;
				GCC_C_LANGUAGE_STANDARD = gnu99;
				GCC_DYNAMIC_NO_PIC = NO;
				GCC_NO_COMMON_BLOCKS = YES;
				GCC_OPTIMIZATION_LEVEL = 0;
				GCC_PREPROCESSOR_DEFINITIONS = (
					"DEBUG=1",
					"$(inherited)",
				);
				GCC_SYMBOLS_PRIVATE_EXTERN = NO;
				GCC_WARN_64_TO_32_BIT_CONVERSION = YES;
				GCC_WARN_ABOUT_RETURN_TYPE = YES_ERROR;
				GCC_WARN_UNDECLARED_SELECTOR = YES;
				GCC_WARN_UNINITIALIZED_AUTOS = YES_AGGRESSIVE;
				GCC_WARN_UNUSED_FUNCTION = YES;
				GCC_WARN_UNUSED_VARIABLE = YES;
				IPHONEOS_DEPLOYMENT_TARGET = 8.1;
				MTL_ENABLE_DEBUG_INFO = YES;
				ONLY_ACTIVE_ARCH = YES;
				SDKROOT = iphoneos;
			};
			name = Debug;
		};
		EE2A02751B8C123500166762 /* Release */ = {
			isa = XCBuildConfiguration;
			buildSettings = {
				ALWAYS_SEARCH_USER_PATHS = NO;
				CLANG_CXX_LANGUAGE_STANDARD = "gnu++0x";
				CLANG_CXX_LIBRARY = "libc++";
				CLANG_ENABLE_MODULES = YES;
				CLANG_ENABLE_OBJC_ARC = YES;
				CLANG_WARN_BOOL_CONVERSION = YES;
				CLANG_WARN_CONSTANT_CONVERSION = YES;
				CLANG_WARN_DIRECT_OBJC_ISA_USAGE = YES_ERROR;
				CLANG_WARN_EMPTY_BODY = YES;
				CLANG_WARN_ENUM_CONVERSION = YES;
				CLANG_WARN_INT_CONVERSION = YES;
				CLANG_WARN_OBJC_ROOT_CLASS = YES_ERROR;
				CLANG_WARN_UNREACHABLE_CODE = YES;
				CLANG_WARN__DUPLICATE_METHOD_MATCH = YES;
				"CODE_SIGN_IDENTITY[sdk=iphoneos*]" = "iPhone Developer";
				COPY_PHASE_STRIP = NO;
				DEBUG_INFORMATION_FORMAT = "dwarf-with-dsym";
				ENABLE_NS_ASSERTIONS = NO;
				ENABLE_STRICT_OBJC_MSGSEND = YES;
				GCC_C_LANGUAGE_STANDARD = gnu99;
				GCC_NO_COMMON_BLOCKS = YES;
				GCC_WARN_64_TO_32_BIT_CONVERSION = YES;
				GCC_WARN_ABOUT_RETURN_TYPE = YES_ERROR;
				GCC_WARN_UNDECLARED_SELECTOR = YES;
				GCC_WARN_UNINITIALIZED_AUTOS = YES_AGGRESSIVE;
				GCC_WARN_UNUSED_FUNCTION = YES;
				GCC_WARN_UNUSED_VARIABLE = YES;
				IPHONEOS_DEPLOYMENT_TARGET = 8.1;
				MTL_ENABLE_DEBUG_INFO = NO;
				SDKROOT = iphoneos;
				VALIDATE_PRODUCT = YES;
			};
			name = Release;
		};
		EE2A02771B8C123500166762 /* Debug */ = {
			isa = XCBuildConfiguration;
			buildSettings = {
				ASSETCATALOG_COMPILER_APPICON_NAME = AppIcon;
				INFOPLIST_FILE = testSql/Info.plist;
				LD_RUNPATH_SEARCH_PATHS = "$(inherited) @executable_path/Frameworks";
				PRODUCT_NAME = "$(TARGET_NAME)";
			};
			name = Debug;
		};
		EE2A02781B8C123500166762 /* Release */ = {
			isa = XCBuildConfiguration;
			buildSettings = {
				ASSETCATALOG_COMPILER_APPICON_NAME = AppIcon;
				INFOPLIST_FILE = testSql/Info.plist;
				LD_RUNPATH_SEARCH_PATHS = "$(inherited) @executable_path/Frameworks";
				PRODUCT_NAME = "$(TARGET_NAME)";
			};
			name = Release;
		};
		EE2A027A1B8C123500166762 /* Debug */ = {
			isa = XCBuildConfiguration;
			buildSettings = {
				BUNDLE_LOADER = "$(TEST_HOST)";
				FRAMEWORK_SEARCH_PATHS = (
					"$(SDKROOT)/Developer/Library/Frameworks",
					"$(inherited)",
				);
				GCC_PREPROCESSOR_DEFINITIONS = (
					"DEBUG=1",
					"$(inherited)",
				);
				INFOPLIST_FILE = testSqlTests/Info.plist;
				LD_RUNPATH_SEARCH_PATHS = "$(inherited) @executable_path/Frameworks @loader_path/Frameworks";
				PRODUCT_NAME = "$(TARGET_NAME)";
				TEST_HOST = "$(BUILT_PRODUCTS_DIR)/testSql.app/testSql";
			};
			name = Debug;
		};
		EE2A027B1B8C123500166762 /* Release */ = {
			isa = XCBuildConfiguration;
			buildSettings = {
				BUNDLE_LOADER = "$(TEST_HOST)";
				FRAMEWORK_SEARCH_PATHS = (
					"$(SDKROOT)/Developer/Library/Frameworks",
					"$(inherited)",
				);
				INFOPLIST_FILE = testSqlTests/Info.plist;
				LD_RUNPATH_SEARCH_PATHS = "$(inherited) @executable_path/Frameworks @loader_path/Frameworks";
				PRODUCT_NAME = "$(TARGET_NAME)";
				TEST_HOST = "$(BUILT_PRODUCTS_DIR)/testSql.app/testSql";
			};
			name = Release;
		};
/* End XCBuildConfiguration section */

/* Begin XCConfigurationList section */
		EE2A024E1B8C123500166762 /* Build configuration list for PBXProject "testSql" */ = {
			isa = XCConfigurationList;
			buildConfigurations = (
				EE2A02741B8C123500166762 /* Debug */,
				EE2A02751B8C123500166762 /* Release */,
			);
			defaultConfigurationIsVisible = 0;
			defaultConfigurationName = Release;
		};
		EE2A02761B8C123500166762 /* Build configuration list for PBXNativeTarget "testSql" */ = {
			isa = XCConfigurationList;
			buildConfigurations = (
				EE2A02771B8C123500166762 /* Debug */,
				EE2A02781B8C123500166762 /* Release */,
			);
			defaultConfigurationIsVisible = 0;
		};
		EE2A02791B8C123500166762 /* Build configuration list for PBXNativeTarget "testSqlTests" */ = {
			isa = XCConfigurationList;
			buildConfigurations = (
				EE2A027A1B8C123500166762 /* Debug */,
				EE2A027B1B8C123500166762 /* Release */,
			);
			defaultConfigurationIsVisible = 0;
		};
/* End XCConfigurationList section */
	};
	rootObject = EE2A024B1B8C123500166762 /* Project object */;
}
