// !$*UTF8*$!
{
	archiveVersion = 1;
	classes = {
	};
	objectVersion = 46;
	objects = {

/* Begin PBXBuildFile section */
		EEB127B21BAFE31C00009892 /* main.m in Sources */ = {isa = PBXBuildFile; fileRef = EEB127B11BAFE31C00009892 /* main.m */; };
		EEB127B51BAFE31C00009892 /* AppDelegate.m in Sources */ = {isa = PBXBuildFile; fileRef = EEB127B41BAFE31C00009892 /* AppDelegate.m */; };
		EEB127B81BAFE31C00009892 /* ViewController.m in Sources */ = {isa = PBXBuildFile; fileRef = EEB127B71BAFE31C00009892 /* ViewController.m */; };
		EEB127BB1BAFE31C00009892 /* Main.storyboard in Resources */ = {isa = PBXBuildFile; fileRef = EEB127B91BAFE31C00009892 /* Main.storyboard */; };
		EEB127BD1BAFE31C00009892 /* Images.xcassets in Resources */ = {isa = PBXBuildFile; fileRef = EEB127BC1BAFE31C00009892 /* Images.xcassets */; };
		EEB127C01BAFE31C00009892 /* LaunchScreen.xib in Resources */ = {isa = PBXBuildFile; fileRef = EEB127BE1BAFE31C00009892 /* LaunchScreen.xib */; };
		EEB127CC1BAFE31C00009892 /* ________Tests.m in Sources */ = {isa = PBXBuildFile; fileRef = EEB127CB1BAFE31C00009892 /* ________Tests.m */; };
		EEB127D71BAFE6F900009892 /* Animal.m in Sources */ = {isa = PBXBuildFile; fileRef = EEB127D61BAFE6F900009892 /* Animal.m */; };
		EEB127DA1BAFE90900009892 /* GloballWorld.m in Sources */ = {isa = PBXBuildFile; fileRef = EEB127D91BAFE90900009892 /* GloballWorld.m */; };
/* End PBXBuildFile section */

/* Begin PBXContainerItemProxy section */
		EEB127C61BAFE31C00009892 /* PBXContainerItemProxy */ = {
			isa = PBXContainerItemProxy;
			containerPortal = EEB127A41BAFE31C00009892 /* Project object */;
			proxyType = 1;
			remoteGlobalIDString = EEB127AB1BAFE31C00009892;
			remoteInfo = "序列化与反序列化";
		};
/* End PBXContainerItemProxy section */

/* Begin PBXFileReference section */
		EEB127AC1BAFE31C00009892 /* 序列化与反序列化.app */ = {isa = PBXFileReference; explicitFileType = wrapper.application; includeInIndex = 0; path = "序列化与反序列化.app"; sourceTree = BUILT_PRODUCTS_DIR; };
		EEB127B01BAFE31C00009892 /* Info.plist */ = {isa = PBXFileReference; lastKnownFileType = text.plist.xml; path = Info.plist; sourceTree = "<group>"; };
		EEB127B11BAFE31C00009892 /* main.m */ = {isa = PBXFileReference; lastKnownFileType = sourcecode.c.objc; path = main.m; sourceTree = "<group>"; };
		EEB127B31BAFE31C00009892 /* AppDelegate.h */ = {isa = PBXFileReference; lastKnownFileType = sourcecode.c.h; path = AppDelegate.h; sourceTree = "<group>"; };
		EEB127B41BAFE31C00009892 /* AppDelegate.m */ = {isa = PBXFileReference; lastKnownFileType = sourcecode.c.objc; path = AppDelegate.m; sourceTree = "<group>"; };
		EEB127B61BAFE31C00009892 /* ViewController.h */ = {isa = PBXFileReference; lastKnownFileType = sourcecode.c.h; path = ViewController.h; sourceTree = "<group>"; };
		EEB127B71BAFE31C00009892 /* ViewController.m */ = {isa = PBXFileReference; lastKnownFileType = sourcecode.c.objc; path = ViewController.m; sourceTree = "<group>"; };
		EEB127BA1BAFE31C00009892 /* Base */ = {isa = PBXFileReference; lastKnownFileType = file.storyboard; name = Base; path = Base.lproj/Main.storyboard; sourceTree = "<group>"; };
		EEB127BC1BAFE31C00009892 /* Images.xcassets */ = {isa = PBXFileReference; lastKnownFileType = folder.assetcatalog; path = Images.xcassets; sourceTree = "<group>"; };
		EEB127BF1BAFE31C00009892 /* Base */ = {isa = PBXFileReference; lastKnownFileType = file.xib; name = Base; path = Base.lproj/LaunchScreen.xib; sourceTree = "<group>"; };
		EEB127C51BAFE31C00009892 /* 序列化与反序列化Tests.xctest */ = {isa = PBXFileReference; explicitFileType = wrapper.cfbundle; includeInIndex = 0; path = "序列化与反序列化Tests.xctest"; sourceTree = BUILT_PRODUCTS_DIR; };
		EEB127CA1BAFE31C00009892 /* Info.plist */ = {isa = PBXFileReference; lastKnownFileType = text.plist.xml; path = Info.plist; sourceTree = "<group>"; };
		EEB127CB1BAFE31C00009892 /* ________Tests.m */ = {isa = PBXFileReference; lastKnownFileType = sourcecode.c.objc; path = "________Tests.m"; sourceTree = "<group>"; };
		EEB127D51BAFE6F900009892 /* Animal.h */ = {isa = PBXFileReference; fileEncoding = 4; lastKnownFileType = sourcecode.c.h; path = Animal.h; sourceTree = "<group>"; };
		EEB127D61BAFE6F900009892 /* Animal.m */ = {isa = PBXFileReference; fileEncoding = 4; lastKnownFileType = sourcecode.c.objc; path = Animal.m; sourceTree = "<group>"; };
		EEB127D81BAFE90900009892 /* GloballWorld.h */ = {isa = PBXFileReference; fileEncoding = 4; lastKnownFileType = sourcecode.c.h; path = GloballWorld.h; sourceTree = "<group>"; };
		EEB127D91BAFE90900009892 /* GloballWorld.m */ = {isa = PBXFileReference; fileEncoding = 4; lastKnownFileType = sourcecode.c.objc; path = GloballWorld.m; sourceTree = "<group>"; };
/* End PBXFileReference section */

/* Begin PBXFrameworksBuildPhase section */
		EEB127A91BAFE31C00009892 /* Frameworks */ = {
			isa = PBXFrameworksBuildPhase;
			buildActionMask = 2147483647;
			files = (
			);
			runOnlyForDeploymentPostprocessing = 0;
		};
		EEB127C21BAFE31C00009892 /* Frameworks */ = {
			isa = PBXFrameworksBuildPhase;
			buildActionMask = 2147483647;
			files = (
			);
			runOnlyForDeploymentPostprocessing = 0;
		};
/* End PBXFrameworksBuildPhase section */

/* Begin PBXGroup section */
		EEB127A31BAFE31C00009892 = {
			isa = PBXGroup;
			children = (
				EEB127AE1BAFE31C00009892 /* 序列化与反序列化 */,
				EEB127C81BAFE31C00009892 /* 序列化与反序列化Tests */,
				EEB127AD1BAFE31C00009892 /* Products */,
			);
			sourceTree = "<group>";
		};
		EEB127AD1BAFE31C00009892 /* Products */ = {
			isa = PBXGroup;
			children = (
				EEB127AC1BAFE31C00009892 /* 序列化与反序列化.app */,
				EEB127C51BAFE31C00009892 /* 序列化与反序列化Tests.xctest */,
			);
			name = Products;
			sourceTree = "<group>";
		};
		EEB127AE1BAFE31C00009892 /* 序列化与反序列化 */ = {
			isa = PBXGroup;
			children = (
				EEB127B31BAFE31C00009892 /* AppDelegate.h */,
				EEB127B41BAFE31C00009892 /* AppDelegate.m */,
				EEB127B61BAFE31C00009892 /* ViewController.h */,
				EEB127B71BAFE31C00009892 /* ViewController.m */,
				EEB127D51BAFE6F900009892 /* Animal.h */,
				EEB127D61BAFE6F900009892 /* Animal.m */,
				EEB127D81BAFE90900009892 /* GloballWorld.h */,
				EEB127D91BAFE90900009892 /* GloballWorld.m */,
				EEB127B91BAFE31C00009892 /* Main.storyboard */,
				EEB127BC1BAFE31C00009892 /* Images.xcassets */,
				EEB127BE1BAFE31C00009892 /* LaunchScreen.xib */,
				EEB127AF1BAFE31C00009892 /* Supporting Files */,
			);
			path = "序列化与反序列化";
			sourceTree = "<group>";
		};
		EEB127AF1BAFE31C00009892 /* Supporting Files */ = {
			isa = PBXGroup;
			children = (
				EEB127B01BAFE31C00009892 /* Info.plist */,
				EEB127B11BAFE31C00009892 /* main.m */,
			);
			name = "Supporting Files";
			sourceTree = "<group>";
		};
		EEB127C81BAFE31C00009892 /* 序列化与反序列化Tests */ = {
			isa = PBXGroup;
			children = (
				EEB127CB1BAFE31C00009892 /* ________Tests.m */,
				EEB127C91BAFE31C00009892 /* Supporting Files */,
			);
			path = "序列化与反序列化Tests";
			sourceTree = "<group>";
		};
		EEB127C91BAFE31C00009892 /* Supporting Files */ = {
			isa = PBXGroup;
			children = (
				EEB127CA1BAFE31C00009892 /* Info.plist */,
			);
			name = "Supporting Files";
			sourceTree = "<group>";
		};
/* End PBXGroup section */

/* Begin PBXNativeTarget section */
		EEB127AB1BAFE31C00009892 /* 序列化与反序列化 */ = {
			isa = PBXNativeTarget;
			buildConfigurationList = EEB127CF1BAFE31C00009892 /* Build configuration list for PBXNativeTarget "序列化与反序列化" */;
			buildPhases = (
				EEB127A81BAFE31C00009892 /* Sources */,
				EEB127A91BAFE31C00009892 /* Frameworks */,
				EEB127AA1BAFE31C00009892 /* Resources */,
			);
			buildRules = (
			);
			dependencies = (
			);
			name = "序列化与反序列化";
			productName = "序列化与反序列化";
			productReference = EEB127AC1BAFE31C00009892 /* 序列化与反序列化.app */;
			productType = "com.apple.product-type.application";
		};
		EEB127C41BAFE31C00009892 /* 序列化与反序列化Tests */ = {
			isa = PBXNativeTarget;
			buildConfigurationList = EEB127D21BAFE31C00009892 /* Build configuration list for PBXNativeTarget "序列化与反序列化Tests" */;
			buildPhases = (
				EEB127C11BAFE31C00009892 /* Sources */,
				EEB127C21BAFE31C00009892 /* Frameworks */,
				EEB127C31BAFE31C00009892 /* Resources */,
			);
			buildRules = (
			);
			dependencies = (
				EEB127C71BAFE31C00009892 /* PBXTargetDependency */,
			);
			name = "序列化与反序列化Tests";
			productName = "序列化与反序列化Tests";
			productReference = EEB127C51BAFE31C00009892 /* 序列化与反序列化Tests.xctest */;
			productType = "com.apple.product-type.bundle.unit-test";
		};
/* End PBXNativeTarget section */

/* Begin PBXProject section */
		EEB127A41BAFE31C00009892 /* Project object */ = {
			isa = PBXProject;
			attributes = {
				LastUpgradeCheck = 0640;
				ORGANIZATIONNAME = shareit;
				TargetAttributes = {
					EEB127AB1BAFE31C00009892 = {
						CreatedOnToolsVersion = 6.4;
					};
					EEB127C41BAFE31C00009892 = {
						CreatedOnToolsVersion = 6.4;
						TestTargetID = EEB127AB1BAFE31C00009892;
					};
				};
			};
			buildConfigurationList = EEB127A71BAFE31C00009892 /* Build configuration list for PBXProject "序列化与反序列化" */;
			compatibilityVersion = "Xcode 3.2";
			developmentRegion = English;
			hasScannedForEncodings = 0;
			knownRegions = (
				en,
				Base,
			);
			mainGroup = EEB127A31BAFE31C00009892;
			productRefGroup = EEB127AD1BAFE31C00009892 /* Products */;
			projectDirPath = "";
			projectRoot = "";
			targets = (
				EEB127AB1BAFE31C00009892 /* 序列化与反序列化 */,
				EEB127C41BAFE31C00009892 /* 序列化与反序列化Tests */,
			);
		};
/* End PBXProject section */

/* Begin PBXResourcesBuildPhase section */
		EEB127AA1BAFE31C00009892 /* Resources */ = {
			isa = PBXResourcesBuildPhase;
			buildActionMask = 2147483647;
			files = (
				EEB127BB1BAFE31C00009892 /* Main.storyboard in Resources */,
				EEB127C01BAFE31C00009892 /* LaunchScreen.xib in Resources */,
				EEB127BD1BAFE31C00009892 /* Images.xcassets in Resources */,
			);
			runOnlyForDeploymentPostprocessing = 0;
		};
		EEB127C31BAFE31C00009892 /* Resources */ = {
			isa = PBXResourcesBuildPhase;
			buildActionMask = 2147483647;
			files = (
			);
			runOnlyForDeploymentPostprocessing = 0;
		};
/* End PBXResourcesBuildPhase section */

/* Begin PBXSourcesBuildPhase section */
		EEB127A81BAFE31C00009892 /* Sources */ = {
			isa = PBXSourcesBuildPhase;
			buildActionMask = 2147483647;
			files = (
				EEB127B81BAFE31C00009892 /* ViewController.m in Sources */,
				EEB127D71BAFE6F900009892 /* Animal.m in Sources */,
				EEB127DA1BAFE90900009892 /* GloballWorld.m in Sources */,
				EEB127B51BAFE31C00009892 /* AppDelegate.m in Sources */,
				EEB127B21BAFE31C00009892 /* main.m in Sources */,
			);
			runOnlyForDeploymentPostprocessing = 0;
		};
		EEB127C11BAFE31C00009892 /* Sources */ = {
			isa = PBXSourcesBuildPhase;
			buildActionMask = 2147483647;
			files = (
				EEB127CC1BAFE31C00009892 /* ________Tests.m in Sources */,
			);
			runOnlyForDeploymentPostprocessing = 0;
		};
/* End PBXSourcesBuildPhase section */

/* Begin PBXTargetDependency section */
		EEB127C71BAFE31C00009892 /* PBXTargetDependency */ = {
			isa = PBXTargetDependency;
			target = EEB127AB1BAFE31C00009892 /* 序列化与反序列化 */;
			targetProxy = EEB127C61BAFE31C00009892 /* PBXContainerItemProxy */;
		};
/* End PBXTargetDependency section */

/* Begin PBXVariantGroup section */
		EEB127B91BAFE31C00009892 /* Main.storyboard */ = {
			isa = PBXVariantGroup;
			children = (
				EEB127BA1BAFE31C00009892 /* Base */,
			);
			name = Main.storyboard;
			sourceTree = "<group>";
		};
		EEB127BE1BAFE31C00009892 /* LaunchScreen.xib */ = {
			isa = PBXVariantGroup;
			children = (
				EEB127BF1BAFE31C00009892 /* Base */,
			);
			name = LaunchScreen.xib;
			sourceTree = "<group>";
		};
/* End PBXVariantGroup section */

/* Begin XCBuildConfiguration section */
		EEB127CD1BAFE31C00009892 /* Debug */ = {
			isa = XCBuildConfiguration;
			buildSettings = {
				ALWAYS_SEARCH_USER_PATHS = NO;
				CLANG_CXX_LANGUAGE_STANDARD = "gnu++0x";
				CLANG_CXX_LIBRARY = "libc++";
				CLANG_ENABLE_MODULES = YES;
				CLANG_ENABLE_OBJC_ARC = YES;
				CLANG_WARN_BOOL_CONVERSION = YES;
				CLANG_WARN_CONSTANT_CONVERSION = YES;
				CLANG_WARN_DIRECT_OBJC_ISA_USAGE = YES_ERROR;
				CLANG_WARN_EMPTY_BODY = YES;
				CLANG_WARN_ENUM_CONVERSION = YES;
				CLANG_WARN_INT_CONVERSION = YES;
				CLANG_WARN_OBJC_ROOT_CLASS = YES_ERROR;
				CLANG_WARN_UNREACHABLE_CODE = YES;
				CLANG_WARN__DUPLICATE_METHOD_MATCH = YES;
				"CODE_SIGN_IDENTITY[sdk=iphoneos*]" = "iPhone Developer";
				COPY_PHASE_STRIP = NO;
				DEBUG_INFORMATION_FORMAT = "dwarf-with-dsym";
				ENABLE_STRICT_OBJC_MSGSEND = YES;
				GCC_C_LANGUAGE_STANDARD = gnu99;
				GCC_DYNAMIC_NO_PIC = NO;
				GCC_NO_COMMON_BLOCKS = YES;
				GCC_OPTIMIZATION_LEVEL = 0;
				GCC_PREPROCESSOR_DEFINITIONS = (
					"DEBUG=1",
					"$(inherited)",
				);
				GCC_SYMBOLS_PRIVATE_EXTERN = NO;
				GCC_WARN_64_TO_32_BIT_CONVERSION = YES;
				GCC_WARN_ABOUT_RETURN_TYPE = YES_ERROR;
				GCC_WARN_UNDECLARED_SELECTOR = YES;
				GCC_WARN_UNINITIALIZED_AUTOS = YES_AGGRESSIVE;
				GCC_WARN_UNUSED_FUNCTION = YES;
				GCC_WARN_UNUSED_VARIABLE = YES;
				IPHONEOS_DEPLOYMENT_TARGET = 8.4;
				MTL_ENABLE_DEBUG_INFO = YES;
				ONLY_ACTIVE_ARCH = YES;
				SDKROOT = iphoneos;
			};
			name = Debug;
		};
		EEB127CE1BAFE31C00009892 /* Release */ = {
			isa = XCBuildConfiguration;
			buildSettings = {
				ALWAYS_SEARCH_USER_PATHS = NO;
				CLANG_CXX_LANGUAGE_STANDARD = "gnu++0x";
				CLANG_CXX_LIBRARY = "libc++";
				CLANG_ENABLE_MODULES = YES;
				CLANG_ENABLE_OBJC_ARC = YES;
				CLANG_WARN_BOOL_CONVERSION = YES;
				CLANG_WARN_CONSTANT_CONVERSION = YES;
				CLANG_WARN_DIRECT_OBJC_ISA_USAGE = YES_ERROR;
				CLANG_WARN_EMPTY_BODY = YES;
				CLANG_WARN_ENUM_CONVERSION = YES;
				CLANG_WARN_INT_CONVERSION = YES;
				CLANG_WARN_OBJC_ROOT_CLASS = YES_ERROR;
				CLANG_WARN_UNREACHABLE_CODE = YES;
				CLANG_WARN__DUPLICATE_METHOD_MATCH = YES;
				"CODE_SIGN_IDENTITY[sdk=iphoneos*]" = "iPhone Developer";
				COPY_PHASE_STRIP = NO;
				DEBUG_INFORMATION_FORMAT = "dwarf-with-dsym";
				ENABLE_NS_ASSERTIONS = NO;
				ENABLE_STRICT_OBJC_MSGSEND = YES;
				GCC_C_LANGUAGE_STANDARD = gnu99;
				GCC_NO_COMMON_BLOCKS = YES;
				GCC_WARN_64_TO_32_BIT_CONVERSION = YES;
				GCC_WARN_ABOUT_RETURN_TYPE = YES_ERROR;
				GCC_WARN_UNDECLARED_SELECTOR = YES;
				GCC_WARN_UNINITIALIZED_AUTOS = YES_AGGRESSIVE;
				GCC_WARN_UNUSED_FUNCTION = YES;
				GCC_WARN_UNUSED_VARIABLE = YES;
				IPHONEOS_DEPLOYMENT_TARGET = 8.4;
				MTL_ENABLE_DEBUG_INFO = NO;
				SDKROOT = iphoneos;
				VALIDATE_PRODUCT = YES;
			};
			name = Release;
		};
		EEB127D01BAFE31C00009892 /* Debug */ = {
			isa = XCBuildConfiguration;
			buildSettings = {
				ASSETCATALOG_COMPILER_APPICON_NAME = AppIcon;
				INFOPLIST_FILE = "序列化与反序列化/Info.plist";
				LD_RUNPATH_SEARCH_PATHS = "$(inherited) @executable_path/Frameworks";
				PRODUCT_NAME = "$(TARGET_NAME)";
			};
			name = Debug;
		};
		EEB127D11BAFE31C00009892 /* Release */ = {
			isa = XCBuildConfiguration;
			buildSettings = {
				ASSETCATALOG_COMPILER_APPICON_NAME = AppIcon;
				INFOPLIST_FILE = "序列化与反序列化/Info.plist";
				LD_RUNPATH_SEARCH_PATHS = "$(inherited) @executable_path/Frameworks";
				PRODUCT_NAME = "$(TARGET_NAME)";
			};
			name = Release;
		};
		EEB127D31BAFE31C00009892 /* Debug */ = {
			isa = XCBuildConfiguration;
			buildSettings = {
				BUNDLE_LOADER = "$(TEST_HOST)";
				FRAMEWORK_SEARCH_PATHS = (
					"$(SDKROOT)/Developer/Library/Frameworks",
					"$(inherited)",
				);
				GCC_PREPROCESSOR_DEFINITIONS = (
					"DEBUG=1",
					"$(inherited)",
				);
				INFOPLIST_FILE = "序列化与反序列化Tests/Info.plist";
				LD_RUNPATH_SEARCH_PATHS = "$(inherited) @executable_path/Frameworks @loader_path/Frameworks";
				PRODUCT_NAME = "$(TARGET_NAME)";
				TEST_HOST = "$(BUILT_PRODUCTS_DIR)/序列化与反序列化.app/序列化与反序列化";
			};
			name = Debug;
		};
		EEB127D41BAFE31C00009892 /* Release */ = {
			isa = XCBuildConfiguration;
			buildSettings = {
				BUNDLE_LOADER = "$(TEST_HOST)";
				FRAMEWORK_SEARCH_PATHS = (
					"$(SDKROOT)/Developer/Library/Frameworks",
					"$(inherited)",
				);
				INFOPLIST_FILE = "序列化与反序列化Tests/Info.plist";
				LD_RUNPATH_SEARCH_PATHS = "$(inherited) @executable_path/Frameworks @loader_path/Frameworks";
				PRODUCT_NAME = "$(TARGET_NAME)";
				TEST_HOST = "$(BUILT_PRODUCTS_DIR)/序列化与反序列化.app/序列化与反序列化";
			};
			name = Release;
		};
/* End XCBuildConfiguration section */

/* Begin XCConfigurationList section */
		EEB127A71BAFE31C00009892 /* Build configuration list for PBXProject "序列化与反序列化" */ = {
			isa = XCConfigurationList;
			buildConfigurations = (
				EEB127CD1BAFE31C00009892 /* Debug */,
				EEB127CE1BAFE31C00009892 /* Release */,
			);
			defaultConfigurationIsVisible = 0;
			defaultConfigurationName = Release;
		};
		EEB127CF1BAFE31C00009892 /* Build configuration list for PBXNativeTarget "序列化与反序列化" */ = {
			isa = XCConfigurationList;
			buildConfigurations = (
				EEB127D01BAFE31C00009892 /* Debug */,
				EEB127D11BAFE31C00009892 /* Release */,
			);
			defaultConfigurationIsVisible = 0;
		};
		EEB127D21BAFE31C00009892 /* Build configuration list for PBXNativeTarget "序列化与反序列化Tests" */ = {
			isa = XCConfigurationList;
			buildConfigurations = (
				EEB127D31BAFE31C00009892 /* Debug */,
				EEB127D41BAFE31C00009892 /* Release */,
			);
			defaultConfigurationIsVisible = 0;
		};
/* End XCConfigurationList section */
	};
	rootObject = EEB127A41BAFE31C00009892 /* Project object */;
}
